
Microsoft Visual Studio Solution File, Format Version 12.00
# Visual Studio Version 17
VisualStudioVersion = 17.11.35431.28
MinimumVisualStudioVersion = 10.0.40219.1
Project("{FAE04EC0-301F-11D3-BF4B-00C04F79EFBC}") = "ActionOverflow", "ActionOverflow\ActionOverflow.csproj", "{D6FF8116-8DA3-4D18-B5BE-FE69A7504F81}"
EndProject
Global
	GlobalSection(SolutionConfigurationPlatforms) = preSolution
		Debug|Any CPU = Debug|Any CPU
		Release|Any CPU = Release|Any CPU
	EndGlobalSection
	GlobalSection(ProjectConfigurationPlatforms) = postSolution
		{D6FF8116-8DA3-4D18-B5BE-FE69A7504F81}.Debug|Any CPU.ActiveCfg = Debug|Any CPU
		{D6FF8116-8DA3-4D18-B5BE-FE69A7504F81}.Debug|Any CPU.Build.0 = Debug|Any CPU
		{D6FF8116-8DA3-4D18-B5BE-FE69A7504F81}.Release|Any CPU.ActiveCfg = Release|Any CPU
		{D6FF8116-8DA3-4D18-B5BE-FE69A7504F81}.Release|Any CPU.Build.0 = Release|Any CPU
	EndGlobalSection
	GlobalSection(SolutionProperties) = preSolution
		HideSolutionNode = FALSE
	EndGlobalSection
	GlobalSection(ExtensibilityGlobals) = postSolution
		SolutionGuid = {AF0F29AD-A73C-4F8A-AE71-05E61973198A}
	EndGlobalSection
EndGlobal
